
Microsoft Visual Studio Solution File, Format Version 12.00
# Visual Studio Version 17
VisualStudioVersion = 17.0.32014.148
MinimumVisualStudioVersion = 10.0.40219.1
Project("{2150E333-8FDC-42A3-9474-1A3956D46DE8}") = "Tests", "Tests", "{990F4105-9985-454A-B193-3847FA6C5C3D}"
EndProject
Project("{2150E333-8FDC-42A3-9474-1A3956D46DE8}") = "Services", "Services", "{F17D6EBD-100A-404E-9EA1-39C5F3310329}"
EndProject
Project("{2150E333-8FDC-42A3-9474-1A3956D46DE8}") = "IdentityServer", "IdentityServer", "{AEAE7B6C-7729-4841-9DFE-D364F94BD7D8}"
EndProject
Project("{2150E333-8FDC-42A3-9474-1A3956D46DE8}") = "IdentityServer", "IdentityServer", "{73C01606-5133-438F-83B1-DE5AEA9D3401}"
EndProject
Project("{9A19103F-16F7-4668-BE54-9A1E7A4F7556}") = "IdentityServer.Tests", "Tests\Unit\IdentityServer\IdentityServer.Tests\IdentityServer.Tests.csproj", "{0F79A2BC-D23A-42C2-87D5-D343FF40E2C4}"
EndProject
Project("{9A19103F-16F7-4668-BE54-9A1E7A4F7556}") = "IdentityServer.Domain", "Services\IdentityServer\IdentityServer.Domain\IdentityServer.Domain.csproj", "{670A251C-8BDA-4832-9381-DA2916479F27}"
EndProject
Project("{9A19103F-16F7-4668-BE54-9A1E7A4F7556}") = "IdentityServer.Infrastructure", "Services\IdentityServer\IdentityServer.Infrastructure\IdentityServer.Infrastructure.csproj", "{895FC026-3D3C-4268-86C3-8C05E5FE2943}"
EndProject
Project("{9A19103F-16F7-4668-BE54-9A1E7A4F7556}") = "IdentityServer.API", "Services\IdentityServer\IdentityServer.API\IdentityServer.API.csproj", "{751A9BD4-F286-4FCE-98C7-CA9C6BDC0CFD}"
EndProject
Global
	GlobalSection(SolutionConfigurationPlatforms) = preSolution
		Debug|Any CPU = Debug|Any CPU
		Release|Any CPU = Release|Any CPU
	EndGlobalSection
	GlobalSection(ProjectConfigurationPlatforms) = postSolution
		{0F79A2BC-D23A-42C2-87D5-D343FF40E2C4}.Debug|Any CPU.ActiveCfg = Debug|Any CPU
		{0F79A2BC-D23A-42C2-87D5-D343FF40E2C4}.Debug|Any CPU.Build.0 = Debug|Any CPU
		{0F79A2BC-D23A-42C2-87D5-D343FF40E2C4}.Release|Any CPU.ActiveCfg = Release|Any CPU
		{0F79A2BC-D23A-42C2-87D5-D343FF40E2C4}.Release|Any CPU.Build.0 = Release|Any CPU
		{670A251C-8BDA-4832-9381-DA2916479F27}.Debug|Any CPU.ActiveCfg = Debug|Any CPU
		{670A251C-8BDA-4832-9381-DA2916479F27}.Debug|Any CPU.Build.0 = Debug|Any CPU
		{670A251C-8BDA-4832-9381-DA2916479F27}.Release|Any CPU.ActiveCfg = Release|Any CPU
		{670A251C-8BDA-4832-9381-DA2916479F27}.Release|Any CPU.Build.0 = Release|Any CPU
		{895FC026-3D3C-4268-86C3-8C05E5FE2943}.Debug|Any CPU.ActiveCfg = Debug|Any CPU
		{895FC026-3D3C-4268-86C3-8C05E5FE2943}.Debug|Any CPU.Build.0 = Debug|Any CPU
		{895FC026-3D3C-4268-86C3-8C05E5FE2943}.Release|Any CPU.ActiveCfg = Release|Any CPU
		{895FC026-3D3C-4268-86C3-8C05E5FE2943}.Release|Any CPU.Build.0 = Release|Any CPU
		{751A9BD4-F286-4FCE-98C7-CA9C6BDC0CFD}.Debug|Any CPU.ActiveCfg = Debug|Any CPU
		{751A9BD4-F286-4FCE-98C7-CA9C6BDC0CFD}.Debug|Any CPU.Build.0 = Debug|Any CPU
		{751A9BD4-F286-4FCE-98C7-CA9C6BDC0CFD}.Release|Any CPU.ActiveCfg = Release|Any CPU
		{751A9BD4-F286-4FCE-98C7-CA9C6BDC0CFD}.Release|Any CPU.Build.0 = Release|Any CPU
	EndGlobalSection
	GlobalSection(SolutionProperties) = preSolution
		HideSolutionNode = FALSE
	EndGlobalSection
	GlobalSection(NestedProjects) = preSolution
		{AEAE7B6C-7729-4841-9DFE-D364F94BD7D8} = {F17D6EBD-100A-404E-9EA1-39C5F3310329}
		{73C01606-5133-438F-83B1-DE5AEA9D3401} = {990F4105-9985-454A-B193-3847FA6C5C3D}
		{0F79A2BC-D23A-42C2-87D5-D343FF40E2C4} = {73C01606-5133-438F-83B1-DE5AEA9D3401}
		{670A251C-8BDA-4832-9381-DA2916479F27} = {AEAE7B6C-7729-4841-9DFE-D364F94BD7D8}
		{895FC026-3D3C-4268-86C3-8C05E5FE2943} = {AEAE7B6C-7729-4841-9DFE-D364F94BD7D8}
		{751A9BD4-F286-4FCE-98C7-CA9C6BDC0CFD} = {AEAE7B6C-7729-4841-9DFE-D364F94BD7D8}
	EndGlobalSection
	GlobalSection(ExtensibilityGlobals) = postSolution
		SolutionGuid = {02282767-98DB-473F-A1C0-AB6A4E2DCB0D}
	EndGlobalSection
EndGlobal
